{
  "lockfile-version": 1,
  "manifest": {
    "version": 1,
    "install": {
      "diskonaut": {
        "pkg-path": "diskonaut"
      },
      "fluxcd": {
        "pkg-path": "fluxcd"
      },
      "kind": {
        "pkg-path": "kind"
      },
      "kubectl": {
        "pkg-path": "kubectl"
      },
      "kubernetes-helm": {
        "pkg-path": "kubernetes-helm"
      }
    },
    "hook": {},
    "profile": {},
    "options": {
      "systems": [
        "aarch64-darwin",
        "aarch64-linux",
        "x86_64-darwin",
        "x86_64-linux"
      ],
      "allow": {
        "licenses": []
      },
      "semver": {}
    }
  },
  "packages": [
    {
      "attr_path": "diskonaut",
      "broken": false,
      "derivation": "/nix/store/v1ir07xqqsdlp4syah1w6wsa834z2an5-diskonaut-0.11.0.drv",
      "description": "Terminal disk space navigator",
      "install_id": "diskonaut",
      "license": "MIT",
      "locked_url": "https://github.com/flox/nixpkgs?rev=825479c345a7f806485b7f00dbe3abb50641b083",
      "name": "diskonaut-0.11.0",
      "pname": "diskonaut",
      "rev": "825479c345a7f806485b7f00dbe3abb50641b083",
      "rev_count": 743381,
      "rev_date": "2025-01-24T19:21:52Z",
      "scrape_date": "2025-01-26T03:27:56Z",
      "stabilities": [
        "unstable"
      ],
      "unfree": false,
      "version": "0.11.0",
      "outputs_to_install": [
        "out"
      ],
      "outputs": {
        "out": "/nix/store/kn5qb52mnf74s23i0srx46f08vgy2jh9-diskonaut-0.11.0"
      },
      "system": "aarch64-darwin",
      "group": "toplevel",
      "priority": 5
    },
    {
      "attr_path": "diskonaut",
      "broken": false,
      "derivation": "/nix/store/ch6iqiii614qsmr8g1p2akpajxsgm1hg-diskonaut-0.11.0.drv",
      "description": "Terminal disk space navigator",
      "install_id": "diskonaut",
      "license": "MIT",
      "locked_url": "https://github.com/flox/nixpkgs?rev=825479c345a7f806485b7f00dbe3abb50641b083",
      "name": "diskonaut-0.11.0",
      "pname": "diskonaut",
      "rev": "825479c345a7f806485b7f00dbe3abb50641b083",
      "rev_count": 743381,
      "rev_date": "2025-01-24T19:21:52Z",
      "scrape_date": "2025-01-26T03:27:56Z",
      "stabilities": [
        "unstable"
      ],
      "unfree": false,
      "version": "0.11.0",
      "outputs_to_install": [
        "out"
      ],
      "outputs": {
        "out": "/nix/store/pyp7bq682165jg3zlz21034s0djzlkq3-diskonaut-0.11.0"
      },
      "system": "aarch64-linux",
      "group": "toplevel",
      "priority": 5
    },
    {
      "attr_path": "diskonaut",
      "broken": false,
      "derivation": "/nix/store/v59377xw86bfzdr3c6nx9r0hjnjla3sl-diskonaut-0.11.0.drv",
      "description": "Terminal disk space navigator",
      "install_id": "diskonaut",
      "license": "MIT",
      "locked_url": "https://github.com/flox/nixpkgs?rev=825479c345a7f806485b7f00dbe3abb50641b083",
      "name": "diskonaut-0.11.0",
      "pname": "diskonaut",
      "rev": "825479c345a7f806485b7f00dbe3abb50641b083",
      "rev_count": 743381,
      "rev_date": "2025-01-24T19:21:52Z",
      "scrape_date": "2025-01-26T03:27:56Z",
      "stabilities": [
        "unstable"
      ],
      "unfree": false,
      "version": "0.11.0",
      "outputs_to_install": [
        "out"
      ],
      "outputs": {
        "out": "/nix/store/pf6qhnrj04d3x72gr49nwv2r5w5apic7-diskonaut-0.11.0"
      },
      "system": "x86_64-darwin",
      "group": "toplevel",
      "priority": 5
    },
    {
      "attr_path": "diskonaut",
      "broken": false,
      "derivation": "/nix/store/6skmf9h3j17y6brrpyslj43mix9n4rjb-diskonaut-0.11.0.drv",
      "description": "Terminal disk space navigator",
      "install_id": "diskonaut",
      "license": "MIT",
      "locked_url": "https://github.com/flox/nixpkgs?rev=825479c345a7f806485b7f00dbe3abb50641b083",
      "name": "diskonaut-0.11.0",
      "pname": "diskonaut",
      "rev": "825479c345a7f806485b7f00dbe3abb50641b083",
      "rev_count": 743381,
      "rev_date": "2025-01-24T19:21:52Z",
      "scrape_date": "2025-01-26T03:27:56Z",
      "stabilities": [
        "unstable"
      ],
      "unfree": false,
      "version": "0.11.0",
      "outputs_to_install": [
        "out"
      ],
      "outputs": {
        "out": "/nix/store/62vfy4lqav54ws8akpmnb99qz6j5x5wl-diskonaut-0.11.0"
      },
      "system": "x86_64-linux",
      "group": "toplevel",
      "priority": 5
    },
    {
      "attr_path": "fluxcd",
      "broken": false,
      "derivation": "/nix/store/jp6silfdn6898md67a75higf0q54xsy8-fluxcd-2.4.0.drv",
      "description": "Open and extensible continuous delivery solution for Kubernetes",
      "install_id": "fluxcd",
      "license": "Apache-2.0",
      "locked_url": "https://github.com/flox/nixpkgs?rev=825479c345a7f806485b7f00dbe3abb50641b083",
      "name": "fluxcd-2.4.0",
      "pname": "fluxcd",
      "rev": "825479c345a7f806485b7f00dbe3abb50641b083",
      "rev_count": 743381,
      "rev_date": "2025-01-24T19:21:52Z",
      "scrape_date": "2025-01-26T03:27:56Z",
      "stabilities": [
        "unstable"
      ],
      "unfree": false,
      "version": "2.4.0",
      "outputs_to_install": [
        "out"
      ],
      "outputs": {
        "out": "/nix/store/2k6gx7dmc51qc9w3ikhzhdrf4l2zigva-fluxcd-2.4.0"
      },
      "system": "aarch64-darwin",
      "group": "toplevel",
      "priority": 5
    },
    {
      "attr_path": "fluxcd",
      "broken": false,
      "derivation": "/nix/store/krhbnp6shxfgxx30v1zwv6xw2d275cvn-fluxcd-2.4.0.drv",
      "description": "Open and extensible continuous delivery solution for Kubernetes",
      "install_id": "fluxcd",
      "license": "Apache-2.0",
      "locked_url": "https://github.com/flox/nixpkgs?rev=825479c345a7f806485b7f00dbe3abb50641b083",
      "name": "fluxcd-2.4.0",
      "pname": "fluxcd",
      "rev": "825479c345a7f806485b7f00dbe3abb50641b083",
      "rev_count": 743381,
      "rev_date": "2025-01-24T19:21:52Z",
      "scrape_date": "2025-01-26T03:27:56Z",
      "stabilities": [
        "unstable"
      ],
      "unfree": false,
      "version": "2.4.0",
      "outputs_to_install": [
        "out"
      ],
      "outputs": {
        "out": "/nix/store/gnxqqxb2i50ziyxhr9dcdidgsc2dbbsb-fluxcd-2.4.0"
      },
      "system": "aarch64-linux",
      "group": "toplevel",
      "priority": 5
    },
    {
      "attr_path": "fluxcd",
      "broken": false,
      "derivation": "/nix/store/1cvi96wmhagvfnf8brxg1i5aqwvp57v8-fluxcd-2.4.0.drv",
      "description": "Open and extensible continuous delivery solution for Kubernetes",
      "install_id": "fluxcd",
      "license": "Apache-2.0",
      "locked_url": "https://github.com/flox/nixpkgs?rev=825479c345a7f806485b7f00dbe3abb50641b083",
      "name": "fluxcd-2.4.0",
      "pname": "fluxcd",
      "rev": "825479c345a7f806485b7f00dbe3abb50641b083",
      "rev_count": 743381,
      "rev_date": "2025-01-24T19:21:52Z",
      "scrape_date": "2025-01-26T03:27:56Z",
      "stabilities": [
        "unstable"
      ],
      "unfree": false,
      "version": "2.4.0",
      "outputs_to_install": [
        "out"
      ],
      "outputs": {
        "out": "/nix/store/wxx4fhfplzscmy3dzyh9p5wib84r9sv3-fluxcd-2.4.0"
      },
      "system": "x86_64-darwin",
      "group": "toplevel",
      "priority": 5
    },
    {
      "attr_path": "fluxcd",
      "broken": false,
      "derivation": "/nix/store/x2l45f16cbkj3zpv6h7wwvffncsfdcs7-fluxcd-2.4.0.drv",
      "description": "Open and extensible continuous delivery solution for Kubernetes",
      "install_id": "fluxcd",
      "license": "Apache-2.0",
      "locked_url": "https://github.com/flox/nixpkgs?rev=825479c345a7f806485b7f00dbe3abb50641b083",
      "name": "fluxcd-2.4.0",
      "pname": "fluxcd",
      "rev": "825479c345a7f806485b7f00dbe3abb50641b083",
      "rev_count": 743381,
      "rev_date": "2025-01-24T19:21:52Z",
      "scrape_date": "2025-01-26T03:27:56Z",
      "stabilities": [
        "unstable"
      ],
      "unfree": false,
      "version": "2.4.0",
      "outputs_to_install": [
        "out"
      ],
      "outputs": {
        "out": "/nix/store/yk2xip9sajrrvymmacmmxw38m6p4kl25-fluxcd-2.4.0"
      },
      "system": "x86_64-linux",
      "group": "toplevel",
      "priority": 5
    },
    {
      "attr_path": "kind",
      "broken": false,
      "derivation": "/nix/store/wpmmcqfn471c4bj3fla1wfs8kapjni6a-kind-0.26.0.drv",
      "description": "Kubernetes IN Docker - local clusters for testing Kubernetes",
      "install_id": "kind",
      "license": "Apache-2.0",
      "locked_url": "https://github.com/flox/nixpkgs?rev=825479c345a7f806485b7f00dbe3abb50641b083",
      "name": "kind-0.26.0",
      "pname": "kind",
      "rev": "825479c345a7f806485b7f00dbe3abb50641b083",
      "rev_count": 743381,
      "rev_date": "2025-01-24T19:21:52Z",
      "scrape_date": "2025-01-26T03:27:56Z",
      "stabilities": [
        "unstable"
      ],
      "unfree": false,
      "version": "0.26.0",
      "outputs_to_install": [
        "out"
      ],
      "outputs": {
        "out": "/nix/store/4j12j5zijvbcyafx85a2qh8jkv4m6lnz-kind-0.26.0"
      },
      "system": "aarch64-darwin",
      "group": "toplevel",
      "priority": 5
    },
    {
      "attr_path": "kind",
      "broken": false,
      "derivation": "/nix/store/7l3br3mab819zbs96fijxifwkp5lq36a-kind-0.26.0.drv",
      "description": "Kubernetes IN Docker - local clusters for testing Kubernetes",
      "install_id": "kind",
      "license": "Apache-2.0",
      "locked_url": "https://github.com/flox/nixpkgs?rev=825479c345a7f806485b7f00dbe3abb50641b083",
      "name": "kind-0.26.0",
      "pname": "kind",
      "rev": "825479c345a7f806485b7f00dbe3abb50641b083",
      "rev_count": 743381,
      "rev_date": "2025-01-24T19:21:52Z",
      "scrape_date": "2025-01-26T03:27:56Z",
      "stabilities": [
        "unstable"
      ],
      "unfree": false,
      "version": "0.26.0",
      "outputs_to_install": [
        "out"
      ],
      "outputs": {
        "out": "/nix/store/gkpan5sh4kmbxknrf79p9ssd1j024ydb-kind-0.26.0"
      },
      "system": "aarch64-linux",
      "group": "toplevel",
      "priority": 5
    },
    {
      "attr_path": "kind",
      "broken": false,
      "derivation": "/nix/store/rylhix86pwzdnafjzi7z2slbayjm88wj-kind-0.26.0.drv",
      "description": "Kubernetes IN Docker - local clusters for testing Kubernetes",
      "install_id": "kind",
      "license": "Apache-2.0",
      "locked_url": "https://github.com/flox/nixpkgs?rev=825479c345a7f806485b7f00dbe3abb50641b083",
      "name": "kind-0.26.0",
      "pname": "kind",
      "rev": "825479c345a7f806485b7f00dbe3abb50641b083",
      "rev_count": 743381,
      "rev_date": "2025-01-24T19:21:52Z",
      "scrape_date": "2025-01-26T03:27:56Z",
      "stabilities": [
        "unstable"
      ],
      "unfree": false,
      "version": "0.26.0",
      "outputs_to_install": [
        "out"
      ],
      "outputs": {
        "out": "/nix/store/2vsw8jyi2n4sm74sk1kbff6hq5v8nz6i-kind-0.26.0"
      },
      "system": "x86_64-darwin",
      "group": "toplevel",
      "priority": 5
    },
    {
      "attr_path": "kind",
      "broken": false,
      "derivation": "/nix/store/c8wdjh48zr3h99qxcvwir9pzn2pz5rsr-kind-0.26.0.drv",
      "description": "Kubernetes IN Docker - local clusters for testing Kubernetes",
      "install_id": "kind",
      "license": "Apache-2.0",
      "locked_url": "https://github.com/flox/nixpkgs?rev=825479c345a7f806485b7f00dbe3abb50641b083",
      "name": "kind-0.26.0",
      "pname": "kind",
      "rev": "825479c345a7f806485b7f00dbe3abb50641b083",
      "rev_count": 743381,
      "rev_date": "2025-01-24T19:21:52Z",
      "scrape_date": "2025-01-26T03:27:56Z",
      "stabilities": [
        "unstable"
      ],
      "unfree": false,
      "version": "0.26.0",
      "outputs_to_install": [
        "out"
      ],
      "outputs": {
        "out": "/nix/store/hp80rb9dpsk2wj5db2zngh5b8hrgwy4k-kind-0.26.0"
      },
      "system": "x86_64-linux",
      "group": "toplevel",
      "priority": 5
    },
    {
      "attr_path": "kubectl",
      "broken": false,
      "derivation": "/nix/store/ib934vd0i54lzga5sz3mv8036m5arxy2-kubectl-1.32.1.drv",
      "description": "Kubernetes CLI",
      "install_id": "kubectl",
      "license": "Apache-2.0",
      "locked_url": "https://github.com/flox/nixpkgs?rev=825479c345a7f806485b7f00dbe3abb50641b083",
      "name": "kubectl-1.32.1",
      "pname": "kubectl",
      "rev": "825479c345a7f806485b7f00dbe3abb50641b083",
      "rev_count": 743381,
      "rev_date": "2025-01-24T19:21:52Z",
      "scrape_date": "2025-01-26T03:27:56Z",
      "stabilities": [
        "unstable"
      ],
      "unfree": false,
      "version": "1.32.1",
      "outputs_to_install": [
        "man",
        "out"
      ],
      "outputs": {
        "convert": "/nix/store/4ahm5rn4f326izlh8nh6zfcf066r0jp9-kubectl-1.32.1-convert",
        "man": "/nix/store/7aqhrqy27487ph8gcqwl92lpn48zczlm-kubectl-1.32.1-man",
        "out": "/nix/store/18441nqn0dahiwn1rvwilqvrqwqvvknz-kubectl-1.32.1"
      },
      "system": "aarch64-darwin",
      "group": "toplevel",
      "priority": 5
    },
    {
      "attr_path": "kubectl",
      "broken": false,
      "derivation": "/nix/store/ighhxrv25af51d7jy5zjap1d1zfs8sgy-kubectl-1.32.1.drv",
      "description": "Kubernetes CLI",
      "install_id": "kubectl",
      "license": "Apache-2.0",
      "locked_url": "https://github.com/flox/nixpkgs?rev=825479c345a7f806485b7f00dbe3abb50641b083",
      "name": "kubectl-1.32.1",
      "pname": "kubectl",
      "rev": "825479c345a7f806485b7f00dbe3abb50641b083",
      "rev_count": 743381,
      "rev_date": "2025-01-24T19:21:52Z",
      "scrape_date": "2025-01-26T03:27:56Z",
      "stabilities": [
        "unstable"
      ],
      "unfree": false,
      "version": "1.32.1",
      "outputs_to_install": [
        "man",
        "out"
      ],
      "outputs": {
        "convert": "/nix/store/y9kx67c1h6sjr3l4vp7j200v640h32kr-kubectl-1.32.1-convert",
        "man": "/nix/store/0f95qz0ynbilx8h0z350in0d8kc9aj1m-kubectl-1.32.1-man",
        "out": "/nix/store/jylypnz6nddbqf85glbyhpmjsbgmlayj-kubectl-1.32.1"
      },
      "system": "aarch64-linux",
      "group": "toplevel",
      "priority": 5
    },
    {
      "attr_path": "kubectl",
      "broken": false,
      "derivation": "/nix/store/yhxniyk33140l70j9v3whiy03ay4n6f0-kubectl-1.32.1.drv",
      "description": "Kubernetes CLI",
      "install_id": "kubectl",
      "license": "Apache-2.0",
      "locked_url": "https://github.com/flox/nixpkgs?rev=825479c345a7f806485b7f00dbe3abb50641b083",
      "name": "kubectl-1.32.1",
      "pname": "kubectl",
      "rev": "825479c345a7f806485b7f00dbe3abb50641b083",
      "rev_count": 743381,
      "rev_date": "2025-01-24T19:21:52Z",
      "scrape_date": "2025-01-26T03:27:56Z",
      "stabilities": [
        "unstable"
      ],
      "unfree": false,
      "version": "1.32.1",
      "outputs_to_install": [
        "man",
        "out"
      ],
      "outputs": {
        "convert": "/nix/store/83qij5g1wkrrwzjn1cwnkd342ifzw97x-kubectl-1.32.1-convert",
        "man": "/nix/store/5p29mlkb5ywfn2znwb3pxbyr187585yy-kubectl-1.32.1-man",
        "out": "/nix/store/c4ha370mr37kzmr5d3k3x2f7ln51r9fz-kubectl-1.32.1"
      },
      "system": "x86_64-darwin",
      "group": "toplevel",
      "priority": 5
    },
    {
      "attr_path": "kubectl",
      "broken": false,
      "derivation": "/nix/store/af2yd0f6gq06p1hdmxz9w01pzaprf3ad-kubectl-1.32.1.drv",
      "description": "Kubernetes CLI",
      "install_id": "kubectl",
      "license": "Apache-2.0",
      "locked_url": "https://github.com/flox/nixpkgs?rev=825479c345a7f806485b7f00dbe3abb50641b083",
      "name": "kubectl-1.32.1",
      "pname": "kubectl",
      "rev": "825479c345a7f806485b7f00dbe3abb50641b083",
      "rev_count": 743381,
      "rev_date": "2025-01-24T19:21:52Z",
      "scrape_date": "2025-01-26T03:27:56Z",
      "stabilities": [
        "unstable"
      ],
      "unfree": false,
      "version": "1.32.1",
      "outputs_to_install": [
        "man",
        "out"
      ],
      "outputs": {
        "convert": "/nix/store/1lkaw0m4238bichjjl5jkkpqpvxahp43-kubectl-1.32.1-convert",
        "man": "/nix/store/jb9zc5f93z67xaldz5zmmnv8d5pzc94r-kubectl-1.32.1-man",
        "out": "/nix/store/v312kkwzk8mibc9z67n53hab6mcc7cn5-kubectl-1.32.1"
      },
      "system": "x86_64-linux",
      "group": "toplevel",
      "priority": 5
    },
    {
      "attr_path": "kubernetes-helm",
      "broken": false,
      "derivation": "/nix/store/kpahysirzgr5qw3nlb2ddhw94xgd3580-kubernetes-helm-3.17.0.drv",
      "description": "Package manager for kubernetes",
      "install_id": "kubernetes-helm",
      "license": "Apache-2.0",
      "locked_url": "https://github.com/flox/nixpkgs?rev=825479c345a7f806485b7f00dbe3abb50641b083",
      "name": "kubernetes-helm-3.17.0",
      "pname": "kubernetes-helm",
      "rev": "825479c345a7f806485b7f00dbe3abb50641b083",
      "rev_count": 743381,
      "rev_date": "2025-01-24T19:21:52Z",
      "scrape_date": "2025-01-26T03:27:56Z",
      "stabilities": [
        "unstable"
      ],
      "unfree": false,
      "version": "3.17.0",
      "outputs_to_install": [
        "out"
      ],
      "outputs": {
        "out": "/nix/store/kqb20496bhsi6wlggidm645ncch8lzxw-kubernetes-helm-3.17.0"
      },
      "system": "aarch64-darwin",
      "group": "toplevel",
      "priority": 5
    },
    {
      "attr_path": "kubernetes-helm",
      "broken": false,
      "derivation": "/nix/store/4z9jl688lwmmfsghpj5yysw8j0jzn3f0-kubernetes-helm-3.17.0.drv",
      "description": "Package manager for kubernetes",
      "install_id": "kubernetes-helm",
      "license": "Apache-2.0",
      "locked_url": "https://github.com/flox/nixpkgs?rev=825479c345a7f806485b7f00dbe3abb50641b083",
      "name": "kubernetes-helm-3.17.0",
      "pname": "kubernetes-helm",
      "rev": "825479c345a7f806485b7f00dbe3abb50641b083",
      "rev_count": 743381,
      "rev_date": "2025-01-24T19:21:52Z",
      "scrape_date": "2025-01-26T03:27:56Z",
      "stabilities": [
        "unstable"
      ],
      "unfree": false,
      "version": "3.17.0",
      "outputs_to_install": [
        "out"
      ],
      "outputs": {
        "out": "/nix/store/d60427zv4gsskq2rsq6yfbzzwgr4xdz7-kubernetes-helm-3.17.0"
      },
      "system": "aarch64-linux",
      "group": "toplevel",
      "priority": 5
    },
    {
      "attr_path": "kubernetes-helm",
      "broken": false,
      "derivation": "/nix/store/awvwmrfr3b22s7b4vk84p555mkjyw420-kubernetes-helm-3.17.0.drv",
      "description": "Package manager for kubernetes",
      "install_id": "kubernetes-helm",
      "license": "Apache-2.0",
      "locked_url": "https://github.com/flox/nixpkgs?rev=825479c345a7f806485b7f00dbe3abb50641b083",
      "name": "kubernetes-helm-3.17.0",
      "pname": "kubernetes-helm",
      "rev": "825479c345a7f806485b7f00dbe3abb50641b083",
      "rev_count": 743381,
      "rev_date": "2025-01-24T19:21:52Z",
      "scrape_date": "2025-01-26T03:27:56Z",
      "stabilities": [
        "unstable"
      ],
      "unfree": false,
      "version": "3.17.0",
      "outputs_to_install": [
        "out"
      ],
      "outputs": {
        "out": "/nix/store/zak1xp04pcfm0b9gaap9jxp4bq0lawxq-kubernetes-helm-3.17.0"
      },
      "system": "x86_64-darwin",
      "group": "toplevel",
      "priority": 5
    },
    {
      "attr_path": "kubernetes-helm",
      "broken": false,
      "derivation": "/nix/store/mk04205xyz7w0di4z9nvkxcqg8j9acsc-kubernetes-helm-3.17.0.drv",
      "description": "Package manager for kubernetes",
      "install_id": "kubernetes-helm",
      "license": "Apache-2.0",
      "locked_url": "https://github.com/flox/nixpkgs?rev=825479c345a7f806485b7f00dbe3abb50641b083",
      "name": "kubernetes-helm-3.17.0",
      "pname": "kubernetes-helm",
      "rev": "825479c345a7f806485b7f00dbe3abb50641b083",
      "rev_count": 743381,
      "rev_date": "2025-01-24T19:21:52Z",
      "scrape_date": "2025-01-26T03:27:56Z",
      "stabilities": [
        "unstable"
      ],
      "unfree": false,
      "version": "3.17.0",
      "outputs_to_install": [
        "out"
      ],
      "outputs": {
        "out": "/nix/store/zidsngzm5lwyabaq9fy6m9h6sifk6pg8-kubernetes-helm-3.17.0"
      },
      "system": "x86_64-linux",
      "group": "toplevel",
      "priority": 5
    }
  ]
}