{
  "lockfile-version": 1,
  "manifest": {
    "version": 1,
    "install": {
      "fluxcd": {
        "pkg-path": "fluxcd"
      },
      "kind": {
        "pkg-path": "kind"
      },
      "kubectl": {
        "pkg-path": "kubectl"
      },
      "kubernetes-helm": {
        "pkg-path": "kubernetes-helm"
      }
    },
    "hook": {},
    "profile": {},
    "options": {
      "systems": [
        "aarch64-darwin",
        "aarch64-linux",
        "x86_64-darwin",
        "x86_64-linux"
      ],
      "allow": {
        "licenses": []
      },
      "semver": {}
    }
  },
  "packages": [
    {
      "attr_path": "fluxcd",
      "broken": false,
      "derivation": "/nix/store/4d43752795dcrjjdl6sria4w3ycykbz6-fluxcd-2.5.1.drv",
      "description": "Open and extensible continuous delivery solution for Kubernetes",
      "install_id": "fluxcd",
      "license": "Apache-2.0",
      "locked_url": "https://github.com/flox/nixpkgs?rev=2c8d3f48d33929642c1c12cd243df4cc7d2ce434",
      "name": "fluxcd-2.5.1",
      "pname": "fluxcd",
      "rev": "2c8d3f48d33929642c1c12cd243df4cc7d2ce434",
      "rev_count": 778048,
      "rev_date": "2025-04-02T08:40:04Z",
      "scrape_date": "2025-04-03T01:11:03.236389Z",
      "stabilities": [
        "unstable"
      ],
      "unfree": false,
      "version": "2.5.1",
      "outputs_to_install": [
        "out"
      ],
      "outputs": {
        "out": "/nix/store/9h5w8zfsx2a15w5spg3ww882w1ly0gkz-fluxcd-2.5.1"
      },
      "system": "aarch64-darwin",
      "group": "toplevel",
      "priority": 5
    },
    {
      "attr_path": "fluxcd",
      "broken": false,
      "derivation": "/nix/store/hcmlsbzir9v7zn0rhma36ipkxwj54fd9-fluxcd-2.5.1.drv",
      "description": "Open and extensible continuous delivery solution for Kubernetes",
      "install_id": "fluxcd",
      "license": "Apache-2.0",
      "locked_url": "https://github.com/flox/nixpkgs?rev=2c8d3f48d33929642c1c12cd243df4cc7d2ce434",
      "name": "fluxcd-2.5.1",
      "pname": "fluxcd",
      "rev": "2c8d3f48d33929642c1c12cd243df4cc7d2ce434",
      "rev_count": 778048,
      "rev_date": "2025-04-02T08:40:04Z",
      "scrape_date": "2025-04-03T01:28:46.816276Z",
      "stabilities": [
        "unstable"
      ],
      "unfree": false,
      "version": "2.5.1",
      "outputs_to_install": [
        "out"
      ],
      "outputs": {
        "out": "/nix/store/v4qks33l4rmixhjcgwhbj74dpwmc9ngx-fluxcd-2.5.1"
      },
      "system": "aarch64-linux",
      "group": "toplevel",
      "priority": 5
    },
    {
      "attr_path": "fluxcd",
      "broken": false,
      "derivation": "/nix/store/qz9r2ngq6g97mixa6fncmcm6m2rp8gq3-fluxcd-2.5.1.drv",
      "description": "Open and extensible continuous delivery solution for Kubernetes",
      "install_id": "fluxcd",
      "license": "Apache-2.0",
      "locked_url": "https://github.com/flox/nixpkgs?rev=2c8d3f48d33929642c1c12cd243df4cc7d2ce434",
      "name": "fluxcd-2.5.1",
      "pname": "fluxcd",
      "rev": "2c8d3f48d33929642c1c12cd243df4cc7d2ce434",
      "rev_count": 778048,
      "rev_date": "2025-04-02T08:40:04Z",
      "scrape_date": "2025-04-03T01:44:59.939353Z",
      "stabilities": [
        "unstable"
      ],
      "unfree": false,
      "version": "2.5.1",
      "outputs_to_install": [
        "out"
      ],
      "outputs": {
        "out": "/nix/store/kds4lgjpa3ravr57kc7ml8z05ls29m6a-fluxcd-2.5.1"
      },
      "system": "x86_64-darwin",
      "group": "toplevel",
      "priority": 5
    },
    {
      "attr_path": "fluxcd",
      "broken": false,
      "derivation": "/nix/store/insvhbfs8xyvrqxz6gf32rby8hhby5d6-fluxcd-2.5.1.drv",
      "description": "Open and extensible continuous delivery solution for Kubernetes",
      "install_id": "fluxcd",
      "license": "Apache-2.0",
      "locked_url": "https://github.com/flox/nixpkgs?rev=2c8d3f48d33929642c1c12cd243df4cc7d2ce434",
      "name": "fluxcd-2.5.1",
      "pname": "fluxcd",
      "rev": "2c8d3f48d33929642c1c12cd243df4cc7d2ce434",
      "rev_count": 778048,
      "rev_date": "2025-04-02T08:40:04Z",
      "scrape_date": "2025-04-03T02:04:24.784985Z",
      "stabilities": [
        "unstable"
      ],
      "unfree": false,
      "version": "2.5.1",
      "outputs_to_install": [
        "out"
      ],
      "outputs": {
        "out": "/nix/store/h689zlv8awh39krjyx7cw4kj7za7ifs5-fluxcd-2.5.1"
      },
      "system": "x86_64-linux",
      "group": "toplevel",
      "priority": 5
    },
    {
      "attr_path": "kind",
      "broken": false,
      "derivation": "/nix/store/6g0hxa4phkh5ppdf5vjn0zshb2q77hw2-kind-0.27.0.drv",
      "description": "Kubernetes IN Docker - local clusters for testing Kubernetes",
      "install_id": "kind",
      "license": "Apache-2.0",
      "locked_url": "https://github.com/flox/nixpkgs?rev=2c8d3f48d33929642c1c12cd243df4cc7d2ce434",
      "name": "kind-0.27.0",
      "pname": "kind",
      "rev": "2c8d3f48d33929642c1c12cd243df4cc7d2ce434",
      "rev_count": 778048,
      "rev_date": "2025-04-02T08:40:04Z",
      "scrape_date": "2025-04-03T01:11:03.981861Z",
      "stabilities": [
        "unstable"
      ],
      "unfree": false,
      "version": "0.27.0",
      "outputs_to_install": [
        "out"
      ],
      "outputs": {
        "out": "/nix/store/4a41v4iyxw1cbi9jjcqz9sga7ghmfs3x-kind-0.27.0"
      },
      "system": "aarch64-darwin",
      "group": "toplevel",
      "priority": 5
    },
    {
      "attr_path": "kind",
      "broken": false,
      "derivation": "/nix/store/kzrby50z0l6lqjlx64xa1cdcvqnp1vvc-kind-0.27.0.drv",
      "description": "Kubernetes IN Docker - local clusters for testing Kubernetes",
      "install_id": "kind",
      "license": "Apache-2.0",
      "locked_url": "https://github.com/flox/nixpkgs?rev=2c8d3f48d33929642c1c12cd243df4cc7d2ce434",
      "name": "kind-0.27.0",
      "pname": "kind",
      "rev": "2c8d3f48d33929642c1c12cd243df4cc7d2ce434",
      "rev_count": 778048,
      "rev_date": "2025-04-02T08:40:04Z",
      "scrape_date": "2025-04-03T01:28:49.117045Z",
      "stabilities": [
        "unstable"
      ],
      "unfree": false,
      "version": "0.27.0",
      "outputs_to_install": [
        "out"
      ],
      "outputs": {
        "out": "/nix/store/mn4lxpp4ljwmdbxxf2vsir0qynxknmir-kind-0.27.0"
      },
      "system": "aarch64-linux",
      "group": "toplevel",
      "priority": 5
    },
    {
      "attr_path": "kind",
      "broken": false,
      "derivation": "/nix/store/1d6rv0wgc6nwz1y8w4pssmxnp221h0j6-kind-0.27.0.drv",
      "description": "Kubernetes IN Docker - local clusters for testing Kubernetes",
      "install_id": "kind",
      "license": "Apache-2.0",
      "locked_url": "https://github.com/flox/nixpkgs?rev=2c8d3f48d33929642c1c12cd243df4cc7d2ce434",
      "name": "kind-0.27.0",
      "pname": "kind",
      "rev": "2c8d3f48d33929642c1c12cd243df4cc7d2ce434",
      "rev_count": 778048,
      "rev_date": "2025-04-02T08:40:04Z",
      "scrape_date": "2025-04-03T01:45:00.727585Z",
      "stabilities": [
        "unstable"
      ],
      "unfree": false,
      "version": "0.27.0",
      "outputs_to_install": [
        "out"
      ],
      "outputs": {
        "out": "/nix/store/dghvkd9447z78qncg108djwzfp6dza5n-kind-0.27.0"
      },
      "system": "x86_64-darwin",
      "group": "toplevel",
      "priority": 5
    },
    {
      "attr_path": "kind",
      "broken": false,
      "derivation": "/nix/store/jhfnq3rddwwgn1xz9svzr2r2xvsnjwfx-kind-0.27.0.drv",
      "description": "Kubernetes IN Docker - local clusters for testing Kubernetes",
      "install_id": "kind",
      "license": "Apache-2.0",
      "locked_url": "https://github.com/flox/nixpkgs?rev=2c8d3f48d33929642c1c12cd243df4cc7d2ce434",
      "name": "kind-0.27.0",
      "pname": "kind",
      "rev": "2c8d3f48d33929642c1c12cd243df4cc7d2ce434",
      "rev_count": 778048,
      "rev_date": "2025-04-02T08:40:04Z",
      "scrape_date": "2025-04-03T02:04:27.227047Z",
      "stabilities": [
        "unstable"
      ],
      "unfree": false,
      "version": "0.27.0",
      "outputs_to_install": [
        "out"
      ],
      "outputs": {
        "out": "/nix/store/dam02bb33zcl468fz2dldiz4r33jli3x-kind-0.27.0"
      },
      "system": "x86_64-linux",
      "group": "toplevel",
      "priority": 5
    },
    {
      "attr_path": "kubectl",
      "broken": false,
      "derivation": "/nix/store/pw1g6had65hm9xw6pdaq1sm8042k5hv2-kubectl-1.32.3.drv",
      "description": "Kubernetes CLI",
      "install_id": "kubectl",
      "license": "Apache-2.0",
      "locked_url": "https://github.com/flox/nixpkgs?rev=2c8d3f48d33929642c1c12cd243df4cc7d2ce434",
      "name": "kubectl-1.32.3",
      "pname": "kubectl",
      "rev": "2c8d3f48d33929642c1c12cd243df4cc7d2ce434",
      "rev_count": 778048,
      "rev_date": "2025-04-02T08:40:04Z",
      "scrape_date": "2025-04-03T01:11:04.037141Z",
      "stabilities": [
        "unstable"
      ],
      "unfree": false,
      "version": "1.32.3",
      "outputs_to_install": [
        "man",
        "out"
      ],
      "outputs": {
        "convert": "/nix/store/syijh55f8qy0ncx0drs4adxzgglx3y43-kubectl-1.32.3-convert",
        "man": "/nix/store/aq8zfxz4q27wd3yfvhg195xnhqz0sadv-kubectl-1.32.3-man",
        "out": "/nix/store/wi5qn5xlirnjzva70km0z5ks6i33hz9j-kubectl-1.32.3"
      },
      "system": "aarch64-darwin",
      "group": "toplevel",
      "priority": 5
    },
    {
      "attr_path": "kubectl",
      "broken": false,
      "derivation": "/nix/store/23wd9i64hhw1vfklz5m5zg9v87zvir3b-kubectl-1.32.3.drv",
      "description": "Kubernetes CLI",
      "install_id": "kubectl",
      "license": "Apache-2.0",
      "locked_url": "https://github.com/flox/nixpkgs?rev=2c8d3f48d33929642c1c12cd243df4cc7d2ce434",
      "name": "kubectl-1.32.3",
      "pname": "kubectl",
      "rev": "2c8d3f48d33929642c1c12cd243df4cc7d2ce434",
      "rev_count": 778048,
      "rev_date": "2025-04-02T08:40:04Z",
      "scrape_date": "2025-04-03T01:28:49.253834Z",
      "stabilities": [
        "unstable"
      ],
      "unfree": false,
      "version": "1.32.3",
      "outputs_to_install": [
        "man",
        "out"
      ],
      "outputs": {
        "convert": "/nix/store/cmgasqw6vnwln9ap187cjr44gf5aqqvj-kubectl-1.32.3-convert",
        "man": "/nix/store/a6k0kw0b5xbd0zbsjmwwn17sbx9pimk0-kubectl-1.32.3-man",
        "out": "/nix/store/l1jx4vdkjqg9p022skazx0i7vasqncs0-kubectl-1.32.3"
      },
      "system": "aarch64-linux",
      "group": "toplevel",
      "priority": 5
    },
    {
      "attr_path": "kubectl",
      "broken": false,
      "derivation": "/nix/store/402x1mrpscg225qy6nmavznyhf03rbpk-kubectl-1.32.3.drv",
      "description": "Kubernetes CLI",
      "install_id": "kubectl",
      "license": "Apache-2.0",
      "locked_url": "https://github.com/flox/nixpkgs?rev=2c8d3f48d33929642c1c12cd243df4cc7d2ce434",
      "name": "kubectl-1.32.3",
      "pname": "kubectl",
      "rev": "2c8d3f48d33929642c1c12cd243df4cc7d2ce434",
      "rev_count": 778048,
      "rev_date": "2025-04-02T08:40:04Z",
      "scrape_date": "2025-04-03T01:45:00.784256Z",
      "stabilities": [
        "unstable"
      ],
      "unfree": false,
      "version": "1.32.3",
      "outputs_to_install": [
        "man",
        "out"
      ],
      "outputs": {
        "convert": "/nix/store/6bqfs8a1sw4jvx9wadd5231fnr9yjdnh-kubectl-1.32.3-convert",
        "man": "/nix/store/asq72wx432y362wflqhlg1c231g5svzc-kubectl-1.32.3-man",
        "out": "/nix/store/1q5hp8ffvjfx9badhfq0b7vcaz63fphg-kubectl-1.32.3"
      },
      "system": "x86_64-darwin",
      "group": "toplevel",
      "priority": 5
    },
    {
      "attr_path": "kubectl",
      "broken": false,
      "derivation": "/nix/store/0c76i7crrzs3l5jyarj387w8651h13mx-kubectl-1.32.3.drv",
      "description": "Kubernetes CLI",
      "install_id": "kubectl",
      "license": "Apache-2.0",
      "locked_url": "https://github.com/flox/nixpkgs?rev=2c8d3f48d33929642c1c12cd243df4cc7d2ce434",
      "name": "kubectl-1.32.3",
      "pname": "kubectl",
      "rev": "2c8d3f48d33929642c1c12cd243df4cc7d2ce434",
      "rev_count": 778048,
      "rev_date": "2025-04-02T08:40:04Z",
      "scrape_date": "2025-04-03T02:04:27.369265Z",
      "stabilities": [
        "unstable"
      ],
      "unfree": false,
      "version": "1.32.3",
      "outputs_to_install": [
        "man",
        "out"
      ],
      "outputs": {
        "convert": "/nix/store/5x3bhl684w2lmpg7k5dl8rz1408ci32g-kubectl-1.32.3-convert",
        "man": "/nix/store/xdh1fr0b4dnladi7dwa0q2vwf878g9qd-kubectl-1.32.3-man",
        "out": "/nix/store/yaqxnlxynfil1c6lvxfrnmh06yfqarn8-kubectl-1.32.3"
      },
      "system": "x86_64-linux",
      "group": "toplevel",
      "priority": 5
    },
    {
      "attr_path": "kubernetes-helm",
      "broken": false,
      "derivation": "/nix/store/ird90caaghwhd6sl587rcjlm001mcv0v-kubernetes-helm-3.17.2.drv",
      "description": "Package manager for kubernetes",
      "install_id": "kubernetes-helm",
      "license": "Apache-2.0",
      "locked_url": "https://github.com/flox/nixpkgs?rev=2c8d3f48d33929642c1c12cd243df4cc7d2ce434",
      "name": "kubernetes-helm-3.17.2",
      "pname": "kubernetes-helm",
      "rev": "2c8d3f48d33929642c1c12cd243df4cc7d2ce434",
      "rev_count": 778048,
      "rev_date": "2025-04-02T08:40:04Z",
      "scrape_date": "2025-04-03T01:11:04.048919Z",
      "stabilities": [
        "unstable"
      ],
      "unfree": false,
      "version": "3.17.2",
      "outputs_to_install": [
        "out"
      ],
      "outputs": {
        "out": "/nix/store/0zb6130k4msbr1dnjh3bi8h0930mdzfi-kubernetes-helm-3.17.2"
      },
      "system": "aarch64-darwin",
      "group": "toplevel",
      "priority": 5
    },
    {
      "attr_path": "kubernetes-helm",
      "broken": false,
      "derivation": "/nix/store/ydyszs04jj1r8y75wdpr3q44kwl0jabb-kubernetes-helm-3.17.2.drv",
      "description": "Package manager for kubernetes",
      "install_id": "kubernetes-helm",
      "license": "Apache-2.0",
      "locked_url": "https://github.com/flox/nixpkgs?rev=2c8d3f48d33929642c1c12cd243df4cc7d2ce434",
      "name": "kubernetes-helm-3.17.2",
      "pname": "kubernetes-helm",
      "rev": "2c8d3f48d33929642c1c12cd243df4cc7d2ce434",
      "rev_count": 778048,
      "rev_date": "2025-04-02T08:40:04Z",
      "scrape_date": "2025-04-03T01:28:49.272894Z",
      "stabilities": [
        "unstable"
      ],
      "unfree": false,
      "version": "3.17.2",
      "outputs_to_install": [
        "out"
      ],
      "outputs": {
        "out": "/nix/store/j3rj0k8ry052m17gk81cab5fp39jnxb1-kubernetes-helm-3.17.2"
      },
      "system": "aarch64-linux",
      "group": "toplevel",
      "priority": 5
    },
    {
      "attr_path": "kubernetes-helm",
      "broken": false,
      "derivation": "/nix/store/azx6inv9766zlrdb3lb1jq1yrldskxnd-kubernetes-helm-3.17.2.drv",
      "description": "Package manager for kubernetes",
      "install_id": "kubernetes-helm",
      "license": "Apache-2.0",
      "locked_url": "https://github.com/flox/nixpkgs?rev=2c8d3f48d33929642c1c12cd243df4cc7d2ce434",
      "name": "kubernetes-helm-3.17.2",
      "pname": "kubernetes-helm",
      "rev": "2c8d3f48d33929642c1c12cd243df4cc7d2ce434",
      "rev_count": 778048,
      "rev_date": "2025-04-02T08:40:04Z",
      "scrape_date": "2025-04-03T01:45:00.796281Z",
      "stabilities": [
        "unstable"
      ],
      "unfree": false,
      "version": "3.17.2",
      "outputs_to_install": [
        "out"
      ],
      "outputs": {
        "out": "/nix/store/n0j4vcxz215xc76fa16brb7dd2wjzcwy-kubernetes-helm-3.17.2"
      },
      "system": "x86_64-darwin",
      "group": "toplevel",
      "priority": 5
    },
    {
      "attr_path": "kubernetes-helm",
      "broken": false,
      "derivation": "/nix/store/h1q8yj7r8jjp47j9c0ij5331bafm95ws-kubernetes-helm-3.17.2.drv",
      "description": "Package manager for kubernetes",
      "install_id": "kubernetes-helm",
      "license": "Apache-2.0",
      "locked_url": "https://github.com/flox/nixpkgs?rev=2c8d3f48d33929642c1c12cd243df4cc7d2ce434",
      "name": "kubernetes-helm-3.17.2",
      "pname": "kubernetes-helm",
      "rev": "2c8d3f48d33929642c1c12cd243df4cc7d2ce434",
      "rev_count": 778048,
      "rev_date": "2025-04-02T08:40:04Z",
      "scrape_date": "2025-04-03T02:04:27.388638Z",
      "stabilities": [
        "unstable"
      ],
      "unfree": false,
      "version": "3.17.2",
      "outputs_to_install": [
        "out"
      ],
      "outputs": {
        "out": "/nix/store/a7869w8md1im50aynkzvp1yvdwcamw39-kubernetes-helm-3.17.2"
      },
      "system": "x86_64-linux",
      "group": "toplevel",
      "priority": 5
    }
  ]
}