{
  "lockfile-version": 1,
  "manifest": {
    "version": 1,
    "install": {
      "cacert": {
        "pkg-path": "cacert"
      },
      "gcc": {
        "pkg-path": "gcc"
      },
      "go": {
        "pkg-path": "go"
      },
      "imagemagick": {
        "pkg-path": "imagemagick"
      },
      "pkg-config": {
        "pkg-path": "pkg-config"
      }
    },
    "hook": {
      "on-activate": "        unset GOCACHE\n        unset GOENV\n        unset GOMODCACHE\n        unset GOPATH\n        unset GOROOT\n        unset GOTOOLDIR\n        unset GOMOD\n\n        unset GOPROXY\n"
    },
    "profile": {},
    "options": {
      "systems": [
        "aarch64-darwin",
        "aarch64-linux",
        "x86_64-darwin",
        "x86_64-linux"
      ],
      "allow": {
        "licenses": []
      },
      "semver": {}
    }
  },
  "packages": [
    {
      "attr_path": "cacert",
      "broken": false,
      "derivation": "/nix/store/dy0nhrag6qzpp95r2fli1abq5rcjd6i4-nss-cacert-3.108.drv",
      "description": "Bundle of X.509 certificates of public Certificate Authorities (CA)",
      "install_id": "cacert",
      "license": "MPL-2.0",
      "locked_url": "https://github.com/flox/nixpkgs?rev=ba487dbc9d04e0634c64e3b1f0d25839a0a68246",
      "name": "nss-cacert-3.108",
      "pname": "cacert",
      "rev": "ba487dbc9d04e0634c64e3b1f0d25839a0a68246",
      "rev_count": 762036,
      "rev_date": "2025-03-03T13:57:36Z",
      "scrape_date": "2025-03-04T00:30:58Z",
      "stabilities": [
        "unstable"
      ],
      "unfree": false,
      "version": "3.108",
      "outputs_to_install": [
        "out"
      ],
      "outputs": {
        "hashed": "/nix/store/v1mk5m2k1xhqjrx9bym42g0i7244dn83-nss-cacert-3.108-hashed",
        "out": "/nix/store/5x45ilagp51n6af3nkhn6mlqpsw5qhz2-nss-cacert-3.108",
        "p11kit": "/nix/store/w9imm049yz0jw1gl1xvkxhjrp7lyzzhn-nss-cacert-3.108-p11kit",
        "unbundled": "/nix/store/vq0l98k5d4c0cais4vvg3n6rdmci6gw5-nss-cacert-3.108-unbundled"
      },
      "system": "aarch64-darwin",
      "group": "toplevel",
      "priority": 5
    },
    {
      "attr_path": "cacert",
      "broken": false,
      "derivation": "/nix/store/j8l23ljd9wwpcqy6ah8fn1yyyl3wilrj-nss-cacert-3.108.drv",
      "description": "Bundle of X.509 certificates of public Certificate Authorities (CA)",
      "install_id": "cacert",
      "license": "MPL-2.0",
      "locked_url": "https://github.com/flox/nixpkgs?rev=ba487dbc9d04e0634c64e3b1f0d25839a0a68246",
      "name": "nss-cacert-3.108",
      "pname": "cacert",
      "rev": "ba487dbc9d04e0634c64e3b1f0d25839a0a68246",
      "rev_count": 762036,
      "rev_date": "2025-03-03T13:57:36Z",
      "scrape_date": "2025-03-04T00:30:58Z",
      "stabilities": [
        "unstable"
      ],
      "unfree": false,
      "version": "3.108",
      "outputs_to_install": [
        "out"
      ],
      "outputs": {
        "hashed": "/nix/store/5na0scv2gx2m6348dqbkgql91iz1fc3q-nss-cacert-3.108-hashed",
        "out": "/nix/store/wmjyaxl59h94fzh4r9g8zi126krn3y71-nss-cacert-3.108",
        "p11kit": "/nix/store/kq4hzrp3n0l7dm2faqd9qq4bw28dfib3-nss-cacert-3.108-p11kit",
        "unbundled": "/nix/store/9vv76g1lb4v9sy031fw968fw4mmyg6yq-nss-cacert-3.108-unbundled"
      },
      "system": "aarch64-linux",
      "group": "toplevel",
      "priority": 5
    },
    {
      "attr_path": "cacert",
      "broken": false,
      "derivation": "/nix/store/rbz65pj44d62blg6822f3wqv22h2kh49-nss-cacert-3.108.drv",
      "description": "Bundle of X.509 certificates of public Certificate Authorities (CA)",
      "install_id": "cacert",
      "license": "MPL-2.0",
      "locked_url": "https://github.com/flox/nixpkgs?rev=ba487dbc9d04e0634c64e3b1f0d25839a0a68246",
      "name": "nss-cacert-3.108",
      "pname": "cacert",
      "rev": "ba487dbc9d04e0634c64e3b1f0d25839a0a68246",
      "rev_count": 762036,
      "rev_date": "2025-03-03T13:57:36Z",
      "scrape_date": "2025-03-04T00:30:58Z",
      "stabilities": [
        "unstable"
      ],
      "unfree": false,
      "version": "3.108",
      "outputs_to_install": [
        "out"
      ],
      "outputs": {
        "hashed": "/nix/store/aahm7qi48jhhzdl4hg41w7yv37cy63yp-nss-cacert-3.108-hashed",
        "out": "/nix/store/fq2xj115kp74svil14pisfcsfb34rjxy-nss-cacert-3.108",
        "p11kit": "/nix/store/xx3dxsfqcdb51r21anh21pgpw0miw1kb-nss-cacert-3.108-p11kit",
        "unbundled": "/nix/store/y7qqx1shk831f9n5alsj0651crafz449-nss-cacert-3.108-unbundled"
      },
      "system": "x86_64-darwin",
      "group": "toplevel",
      "priority": 5
    },
    {
      "attr_path": "cacert",
      "broken": false,
      "derivation": "/nix/store/16zmn66x9g9js2lrb8p6lp8vrpajll17-nss-cacert-3.108.drv",
      "description": "Bundle of X.509 certificates of public Certificate Authorities (CA)",
      "install_id": "cacert",
      "license": "MPL-2.0",
      "locked_url": "https://github.com/flox/nixpkgs?rev=ba487dbc9d04e0634c64e3b1f0d25839a0a68246",
      "name": "nss-cacert-3.108",
      "pname": "cacert",
      "rev": "ba487dbc9d04e0634c64e3b1f0d25839a0a68246",
      "rev_count": 762036,
      "rev_date": "2025-03-03T13:57:36Z",
      "scrape_date": "2025-03-04T00:30:58Z",
      "stabilities": [
        "unstable"
      ],
      "unfree": false,
      "version": "3.108",
      "outputs_to_install": [
        "out"
      ],
      "outputs": {
        "hashed": "/nix/store/b515wicsrz4cl6hs67z4sczm0ppdhdvq-nss-cacert-3.108-hashed",
        "out": "/nix/store/2vjhfxc2vpval8v76v0hn1d2rpincpgd-nss-cacert-3.108",
        "p11kit": "/nix/store/aq7li727zch4iqnfp2cg3ffzljl8dqrv-nss-cacert-3.108-p11kit",
        "unbundled": "/nix/store/ddg57n6m08miakl0sffgraljbci1l41z-nss-cacert-3.108-unbundled"
      },
      "system": "x86_64-linux",
      "group": "toplevel",
      "priority": 5
    },
    {
      "attr_path": "gcc",
      "broken": false,
      "derivation": "/nix/store/dkq5ji1y441i919x5v79x66xh31cd11h-gcc-wrapper-14-20241116.drv",
      "description": "GNU Compiler Collection, version 14-20241116 (wrapper script)",
      "install_id": "gcc",
      "license": "GPL-3.0-or-later",
      "locked_url": "https://github.com/flox/nixpkgs?rev=ba487dbc9d04e0634c64e3b1f0d25839a0a68246",
      "name": "gcc-wrapper-14-20241116",
      "pname": "gcc",
      "rev": "ba487dbc9d04e0634c64e3b1f0d25839a0a68246",
      "rev_count": 762036,
      "rev_date": "2025-03-03T13:57:36Z",
      "scrape_date": "2025-03-04T00:30:58Z",
      "stabilities": [
        "unstable"
      ],
      "unfree": false,
      "version": "14-20241116",
      "outputs_to_install": [
        "man",
        "out"
      ],
      "outputs": {
        "info": "/nix/store/10vrbhhqyjfa5rs0wycrwj3mvbgzq4mj-gcc-wrapper-14-20241116-info",
        "man": "/nix/store/s7zfnbf8nhmnj6iwggiv7b6hrswblc0w-gcc-wrapper-14-20241116-man",
        "out": "/nix/store/assxd1wk7lm2w68z4g56b4zfrm36af31-gcc-wrapper-14-20241116"
      },
      "system": "aarch64-darwin",
      "group": "toplevel",
      "priority": 5
    },
    {
      "attr_path": "gcc",
      "broken": false,
      "derivation": "/nix/store/5abzc72b0j29qwilhxdh5hlay3wx7ca7-gcc-wrapper-14-20241116.drv",
      "description": "GNU Compiler Collection, version 14-20241116 (wrapper script)",
      "install_id": "gcc",
      "license": "GPL-3.0-or-later",
      "locked_url": "https://github.com/flox/nixpkgs?rev=ba487dbc9d04e0634c64e3b1f0d25839a0a68246",
      "name": "gcc-wrapper-14-20241116",
      "pname": "gcc",
      "rev": "ba487dbc9d04e0634c64e3b1f0d25839a0a68246",
      "rev_count": 762036,
      "rev_date": "2025-03-03T13:57:36Z",
      "scrape_date": "2025-03-04T00:30:58Z",
      "stabilities": [
        "unstable"
      ],
      "unfree": false,
      "version": "14-20241116",
      "outputs_to_install": [
        "man",
        "out"
      ],
      "outputs": {
        "info": "/nix/store/gixjrrdvfhhf0z1z3zxbjc3zr3vvjyf5-gcc-wrapper-14-20241116-info",
        "man": "/nix/store/yimc93hlkz72laxhmk09hkmx11ij1fvz-gcc-wrapper-14-20241116-man",
        "out": "/nix/store/8p08lgzbiqvj5fni1d9hxc6ma1z0mh2z-gcc-wrapper-14-20241116"
      },
      "system": "aarch64-linux",
      "group": "toplevel",
      "priority": 5
    },
    {
      "attr_path": "gcc",
      "broken": false,
      "derivation": "/nix/store/91y6ir9sj8g5sf0nhmgzi0gdinh2mnh2-gcc-wrapper-14-20241116.drv",
      "description": "GNU Compiler Collection, version 14-20241116 (wrapper script)",
      "install_id": "gcc",
      "license": "GPL-3.0-or-later",
      "locked_url": "https://github.com/flox/nixpkgs?rev=ba487dbc9d04e0634c64e3b1f0d25839a0a68246",
      "name": "gcc-wrapper-14-20241116",
      "pname": "gcc",
      "rev": "ba487dbc9d04e0634c64e3b1f0d25839a0a68246",
      "rev_count": 762036,
      "rev_date": "2025-03-03T13:57:36Z",
      "scrape_date": "2025-03-04T00:30:58Z",
      "stabilities": [
        "unstable"
      ],
      "unfree": false,
      "version": "14-20241116",
      "outputs_to_install": [
        "man",
        "out"
      ],
      "outputs": {
        "info": "/nix/store/i5c2plqnvy1162ldl0vsvvbhqir36jcd-gcc-wrapper-14-20241116-info",
        "man": "/nix/store/17lzpc2d07kqi07qd152p0r05h2yak3r-gcc-wrapper-14-20241116-man",
        "out": "/nix/store/dmmn8lxy19yvqskcjy4w3z1yipzqfid3-gcc-wrapper-14-20241116"
      },
      "system": "x86_64-darwin",
      "group": "toplevel",
      "priority": 5
    },
    {
      "attr_path": "gcc",
      "broken": false,
      "derivation": "/nix/store/zxgr8l9v8381m2p99rj56gmgn591jbgz-gcc-wrapper-14-20241116.drv",
      "description": "GNU Compiler Collection, version 14-20241116 (wrapper script)",
      "install_id": "gcc",
      "license": "GPL-3.0-or-later",
      "locked_url": "https://github.com/flox/nixpkgs?rev=ba487dbc9d04e0634c64e3b1f0d25839a0a68246",
      "name": "gcc-wrapper-14-20241116",
      "pname": "gcc",
      "rev": "ba487dbc9d04e0634c64e3b1f0d25839a0a68246",
      "rev_count": 762036,
      "rev_date": "2025-03-03T13:57:36Z",
      "scrape_date": "2025-03-04T00:30:58Z",
      "stabilities": [
        "unstable"
      ],
      "unfree": false,
      "version": "14-20241116",
      "outputs_to_install": [
        "man",
        "out"
      ],
      "outputs": {
        "info": "/nix/store/j2iqinh2hk1npgfijm31kzm786cr335z-gcc-wrapper-14-20241116-info",
        "man": "/nix/store/rkzk4376znb9s9b4lflc174vcv6v8bqq-gcc-wrapper-14-20241116-man",
        "out": "/nix/store/ii75mhh7sxl11167m1b86p0qrjsjyjmd-gcc-wrapper-14-20241116"
      },
      "system": "x86_64-linux",
      "group": "toplevel",
      "priority": 5
    },
    {
      "attr_path": "go",
      "broken": false,
      "derivation": "/nix/store/3rx89v4m5zawcv75zf4hvgixwpqqig5v-go-1.23.6.drv",
      "description": "Go Programming language",
      "install_id": "go",
      "license": "BSD-3-Clause",
      "locked_url": "https://github.com/flox/nixpkgs?rev=ba487dbc9d04e0634c64e3b1f0d25839a0a68246",
      "name": "go-1.23.6",
      "pname": "go",
      "rev": "ba487dbc9d04e0634c64e3b1f0d25839a0a68246",
      "rev_count": 762036,
      "rev_date": "2025-03-03T13:57:36Z",
      "scrape_date": "2025-03-04T00:30:58Z",
      "stabilities": [
        "unstable"
      ],
      "unfree": false,
      "version": "1.23.6",
      "outputs_to_install": [
        "out"
      ],
      "outputs": {
        "out": "/nix/store/yjqrp3d93mxa2g80j57whyk55xwxgl7r-go-1.23.6"
      },
      "system": "aarch64-darwin",
      "group": "toplevel",
      "priority": 5
    },
    {
      "attr_path": "go",
      "broken": false,
      "derivation": "/nix/store/nr1f8hf0p4xfj8d492fzpsbglm1c5hqc-go-1.23.6.drv",
      "description": "Go Programming language",
      "install_id": "go",
      "license": "BSD-3-Clause",
      "locked_url": "https://github.com/flox/nixpkgs?rev=ba487dbc9d04e0634c64e3b1f0d25839a0a68246",
      "name": "go-1.23.6",
      "pname": "go",
      "rev": "ba487dbc9d04e0634c64e3b1f0d25839a0a68246",
      "rev_count": 762036,
      "rev_date": "2025-03-03T13:57:36Z",
      "scrape_date": "2025-03-04T00:30:58Z",
      "stabilities": [
        "unstable"
      ],
      "unfree": false,
      "version": "1.23.6",
      "outputs_to_install": [
        "out"
      ],
      "outputs": {
        "out": "/nix/store/8998mrpahiciqy699yxfwaw29r89pfrm-go-1.23.6"
      },
      "system": "aarch64-linux",
      "group": "toplevel",
      "priority": 5
    },
    {
      "attr_path": "go",
      "broken": false,
      "derivation": "/nix/store/k2jg2hxgd41cj1vh4pvg1zviywh7vmnh-go-1.23.6.drv",
      "description": "Go Programming language",
      "install_id": "go",
      "license": "BSD-3-Clause",
      "locked_url": "https://github.com/flox/nixpkgs?rev=ba487dbc9d04e0634c64e3b1f0d25839a0a68246",
      "name": "go-1.23.6",
      "pname": "go",
      "rev": "ba487dbc9d04e0634c64e3b1f0d25839a0a68246",
      "rev_count": 762036,
      "rev_date": "2025-03-03T13:57:36Z",
      "scrape_date": "2025-03-04T00:30:58Z",
      "stabilities": [
        "unstable"
      ],
      "unfree": false,
      "version": "1.23.6",
      "outputs_to_install": [
        "out"
      ],
      "outputs": {
        "out": "/nix/store/65s6ymzbxsydbka49gr3jsv0lnybbzyc-go-1.23.6"
      },
      "system": "x86_64-darwin",
      "group": "toplevel",
      "priority": 5
    },
    {
      "attr_path": "go",
      "broken": false,
      "derivation": "/nix/store/h8r2axj3z8fdb367cmrb044jw2s75ffs-go-1.23.6.drv",
      "description": "Go Programming language",
      "install_id": "go",
      "license": "BSD-3-Clause",
      "locked_url": "https://github.com/flox/nixpkgs?rev=ba487dbc9d04e0634c64e3b1f0d25839a0a68246",
      "name": "go-1.23.6",
      "pname": "go",
      "rev": "ba487dbc9d04e0634c64e3b1f0d25839a0a68246",
      "rev_count": 762036,
      "rev_date": "2025-03-03T13:57:36Z",
      "scrape_date": "2025-03-04T00:30:58Z",
      "stabilities": [
        "unstable"
      ],
      "unfree": false,
      "version": "1.23.6",
      "outputs_to_install": [
        "out"
      ],
      "outputs": {
        "out": "/nix/store/8zgc91q1igzgmg36mglxrk8qa1r2dvsd-go-1.23.6"
      },
      "system": "x86_64-linux",
      "group": "toplevel",
      "priority": 5
    },
    {
      "attr_path": "imagemagick",
      "broken": false,
      "derivation": "/nix/store/pdw4p8aj039wnhcrm14sh3yl23jwwd9i-imagemagick-7.1.1-44.drv",
      "description": "Software suite to create, edit, compose, or convert bitmap images",
      "install_id": "imagemagick",
      "license": "Apache-2.0",
      "locked_url": "https://github.com/flox/nixpkgs?rev=ba487dbc9d04e0634c64e3b1f0d25839a0a68246",
      "name": "imagemagick-7.1.1-44",
      "pname": "imagemagick",
      "rev": "ba487dbc9d04e0634c64e3b1f0d25839a0a68246",
      "rev_count": 762036,
      "rev_date": "2025-03-03T13:57:36Z",
      "scrape_date": "2025-03-04T00:30:58Z",
      "stabilities": [
        "unstable"
      ],
      "unfree": false,
      "version": "7.1.1-44",
      "outputs_to_install": [
        "out"
      ],
      "outputs": {
        "dev": "/nix/store/rn2qbpd942ap5lyw6sf4lb3x9cw1wx7y-imagemagick-7.1.1-44-dev",
        "doc": "/nix/store/7sslivwbk2pwqgkskxby9wgd1mqjznd2-imagemagick-7.1.1-44-doc",
        "out": "/nix/store/2hmigm6blnbp9m49c3dkqiqqnywl3l39-imagemagick-7.1.1-44"
      },
      "system": "aarch64-darwin",
      "group": "toplevel",
      "priority": 5
    },
    {
      "attr_path": "imagemagick",
      "broken": false,
      "derivation": "/nix/store/1s83fyj70wg2hfwmmn0fr9hhff3vf5as-imagemagick-7.1.1-44.drv",
      "description": "Software suite to create, edit, compose, or convert bitmap images",
      "install_id": "imagemagick",
      "license": "Apache-2.0",
      "locked_url": "https://github.com/flox/nixpkgs?rev=ba487dbc9d04e0634c64e3b1f0d25839a0a68246",
      "name": "imagemagick-7.1.1-44",
      "pname": "imagemagick",
      "rev": "ba487dbc9d04e0634c64e3b1f0d25839a0a68246",
      "rev_count": 762036,
      "rev_date": "2025-03-03T13:57:36Z",
      "scrape_date": "2025-03-04T00:30:58Z",
      "stabilities": [
        "unstable"
      ],
      "unfree": false,
      "version": "7.1.1-44",
      "outputs_to_install": [
        "out"
      ],
      "outputs": {
        "dev": "/nix/store/fa8g3d6xgi2cxbz2d30wm20lxs1x5ra9-imagemagick-7.1.1-44-dev",
        "doc": "/nix/store/qw4p1m64bf4lcwi6jywxjgpqbcfnzqjs-imagemagick-7.1.1-44-doc",
        "out": "/nix/store/1jrc1fwjd0gqcwc9rj370jrmz1s6g3is-imagemagick-7.1.1-44"
      },
      "system": "aarch64-linux",
      "group": "toplevel",
      "priority": 5
    },
    {
      "attr_path": "imagemagick",
      "broken": false,
      "derivation": "/nix/store/kyp1gid9dmkqsksw03gbfnbyg5x8a8sv-imagemagick-7.1.1-44.drv",
      "description": "Software suite to create, edit, compose, or convert bitmap images",
      "install_id": "imagemagick",
      "license": "Apache-2.0",
      "locked_url": "https://github.com/flox/nixpkgs?rev=ba487dbc9d04e0634c64e3b1f0d25839a0a68246",
      "name": "imagemagick-7.1.1-44",
      "pname": "imagemagick",
      "rev": "ba487dbc9d04e0634c64e3b1f0d25839a0a68246",
      "rev_count": 762036,
      "rev_date": "2025-03-03T13:57:36Z",
      "scrape_date": "2025-03-04T00:30:58Z",
      "stabilities": [
        "unstable"
      ],
      "unfree": false,
      "version": "7.1.1-44",
      "outputs_to_install": [
        "out"
      ],
      "outputs": {
        "dev": "/nix/store/zz5hmb2ii03rbzlz9kynl8qf640w5rv3-imagemagick-7.1.1-44-dev",
        "doc": "/nix/store/kz8mb6ljy5hykr5jnkzw6n7dfb7y63vf-imagemagick-7.1.1-44-doc",
        "out": "/nix/store/fi2rd0i932y1v7gl9l8g6gd1lfnrjrvk-imagemagick-7.1.1-44"
      },
      "system": "x86_64-darwin",
      "group": "toplevel",
      "priority": 5
    },
    {
      "attr_path": "imagemagick",
      "broken": false,
      "derivation": "/nix/store/l0vvmb2ainlyy3fsgbrhg8p1zczvz5li-imagemagick-7.1.1-44.drv",
      "description": "Software suite to create, edit, compose, or convert bitmap images",
      "install_id": "imagemagick",
      "license": "Apache-2.0",
      "locked_url": "https://github.com/flox/nixpkgs?rev=ba487dbc9d04e0634c64e3b1f0d25839a0a68246",
      "name": "imagemagick-7.1.1-44",
      "pname": "imagemagick",
      "rev": "ba487dbc9d04e0634c64e3b1f0d25839a0a68246",
      "rev_count": 762036,
      "rev_date": "2025-03-03T13:57:36Z",
      "scrape_date": "2025-03-04T00:30:58Z",
      "stabilities": [
        "unstable"
      ],
      "unfree": false,
      "version": "7.1.1-44",
      "outputs_to_install": [
        "out"
      ],
      "outputs": {
        "dev": "/nix/store/ans56z168i82nm6wavq3si7jbc8yc6h9-imagemagick-7.1.1-44-dev",
        "doc": "/nix/store/8xm4ky63p98x1lgj0rbhkwyvwd80zy5v-imagemagick-7.1.1-44-doc",
        "out": "/nix/store/85z0ndy4qbafq6ihg2dbrq0kiln7wjkp-imagemagick-7.1.1-44"
      },
      "system": "x86_64-linux",
      "group": "toplevel",
      "priority": 5
    },
    {
      "attr_path": "pkg-config",
      "broken": false,
      "derivation": "/nix/store/nxdyx307azlhwa5g81fd3yhi8ic7fdqd-pkg-config-wrapper-0.29.2.drv",
      "description": "Tool that allows packages to find out information about other packages (wrapper script)",
      "install_id": "pkg-config",
      "license": "GPL-2.0-or-later",
      "locked_url": "https://github.com/flox/nixpkgs?rev=ba487dbc9d04e0634c64e3b1f0d25839a0a68246",
      "name": "pkg-config-wrapper-0.29.2",
      "pname": "pkg-config",
      "rev": "ba487dbc9d04e0634c64e3b1f0d25839a0a68246",
      "rev_count": 762036,
      "rev_date": "2025-03-03T13:57:36Z",
      "scrape_date": "2025-03-04T00:30:58Z",
      "stabilities": [
        "unstable"
      ],
      "unfree": false,
      "version": "0.29.2",
      "outputs_to_install": [
        "man",
        "out"
      ],
      "outputs": {
        "doc": "/nix/store/vyrvldc15j1k3ragsss60axhh17ycvwx-pkg-config-wrapper-0.29.2-doc",
        "man": "/nix/store/4y6yff0yrh93j8lipg88bdqhararqnwp-pkg-config-wrapper-0.29.2-man",
        "out": "/nix/store/x1wigzf0ag4ll8aalq7ka05r93ai6isx-pkg-config-wrapper-0.29.2"
      },
      "system": "aarch64-darwin",
      "group": "toplevel",
      "priority": 5
    },
    {
      "attr_path": "pkg-config",
      "broken": false,
      "derivation": "/nix/store/9w9myndjj9jak105y3ppq8af0n0dskkl-pkg-config-wrapper-0.29.2.drv",
      "description": "Tool that allows packages to find out information about other packages (wrapper script)",
      "install_id": "pkg-config",
      "license": "GPL-2.0-or-later",
      "locked_url": "https://github.com/flox/nixpkgs?rev=ba487dbc9d04e0634c64e3b1f0d25839a0a68246",
      "name": "pkg-config-wrapper-0.29.2",
      "pname": "pkg-config",
      "rev": "ba487dbc9d04e0634c64e3b1f0d25839a0a68246",
      "rev_count": 762036,
      "rev_date": "2025-03-03T13:57:36Z",
      "scrape_date": "2025-03-04T00:30:58Z",
      "stabilities": [
        "unstable"
      ],
      "unfree": false,
      "version": "0.29.2",
      "outputs_to_install": [
        "man",
        "out"
      ],
      "outputs": {
        "doc": "/nix/store/z1y4ggn7d9wjqki3hak608lh8fp3gclw-pkg-config-wrapper-0.29.2-doc",
        "man": "/nix/store/rqx4s07ddv71iw317fpc8yi4r0h44vvb-pkg-config-wrapper-0.29.2-man",
        "out": "/nix/store/inp4fiamd05xgr1z1jp57y6kfsi45mcx-pkg-config-wrapper-0.29.2"
      },
      "system": "aarch64-linux",
      "group": "toplevel",
      "priority": 5
    },
    {
      "attr_path": "pkg-config",
      "broken": false,
      "derivation": "/nix/store/bdprzwqghck63yfm8xjqn91yf2ingbd3-pkg-config-wrapper-0.29.2.drv",
      "description": "Tool that allows packages to find out information about other packages (wrapper script)",
      "install_id": "pkg-config",
      "license": "GPL-2.0-or-later",
      "locked_url": "https://github.com/flox/nixpkgs?rev=ba487dbc9d04e0634c64e3b1f0d25839a0a68246",
      "name": "pkg-config-wrapper-0.29.2",
      "pname": "pkg-config",
      "rev": "ba487dbc9d04e0634c64e3b1f0d25839a0a68246",
      "rev_count": 762036,
      "rev_date": "2025-03-03T13:57:36Z",
      "scrape_date": "2025-03-04T00:30:58Z",
      "stabilities": [
        "unstable"
      ],
      "unfree": false,
      "version": "0.29.2",
      "outputs_to_install": [
        "man",
        "out"
      ],
      "outputs": {
        "doc": "/nix/store/3wnh4yavk5l1wkh9ki4w4p3kizx0nay8-pkg-config-wrapper-0.29.2-doc",
        "man": "/nix/store/x6zbxyyjjsmkmqzckl89vb9piszxi9jc-pkg-config-wrapper-0.29.2-man",
        "out": "/nix/store/i7qmhhd01jsb857qm3vwrxhpp4ac6lrw-pkg-config-wrapper-0.29.2"
      },
      "system": "x86_64-darwin",
      "group": "toplevel",
      "priority": 5
    },
    {
      "attr_path": "pkg-config",
      "broken": false,
      "derivation": "/nix/store/dgc8xg4mmf40f6rr99y11kx6sps5kxwj-pkg-config-wrapper-0.29.2.drv",
      "description": "Tool that allows packages to find out information about other packages (wrapper script)",
      "install_id": "pkg-config",
      "license": "GPL-2.0-or-later",
      "locked_url": "https://github.com/flox/nixpkgs?rev=ba487dbc9d04e0634c64e3b1f0d25839a0a68246",
      "name": "pkg-config-wrapper-0.29.2",
      "pname": "pkg-config",
      "rev": "ba487dbc9d04e0634c64e3b1f0d25839a0a68246",
      "rev_count": 762036,
      "rev_date": "2025-03-03T13:57:36Z",
      "scrape_date": "2025-03-04T00:30:58Z",
      "stabilities": [
        "unstable"
      ],
      "unfree": false,
      "version": "0.29.2",
      "outputs_to_install": [
        "man",
        "out"
      ],
      "outputs": {
        "doc": "/nix/store/73v8qmya6w17qh764x0kjcv6z5vc1lq0-pkg-config-wrapper-0.29.2-doc",
        "man": "/nix/store/1y54xdc0mszkx9qwn9lslf8ryxrlvhk0-pkg-config-wrapper-0.29.2-man",
        "out": "/nix/store/601zbsyxn1zqx22yrif9yxa1x450qfc8-pkg-config-wrapper-0.29.2"
      },
      "system": "x86_64-linux",
      "group": "toplevel",
      "priority": 5
    }
  ]
}